
Microsoft Visual Studio Solution File, Format Version 12.00
# Visual Studio Version 17
VisualStudioVersion = 17.4.33403.182
MinimumVisualStudioVersion = 10.0.40219.1
Project("{9A19103F-16F7-4668-BE54-9A1E7A4F7556}") = "EMS.Amaanat.Web", "EMS.Amaanat.Web.csproj", "{86D676CB-D146-4D10-A2A1-942AED1764F6}"
EndProject
Global
	GlobalSection(SolutionConfigurationPlatforms) = preSolution
		Debug|Any CPU = Debug|Any CPU
		Release|Any CPU = Release|Any CPU
	EndGlobalSection
	GlobalSection(ProjectConfigurationPlatforms) = postSolution
		{86D676CB-D146-4D10-A2A1-942AED1764F6}.Debug|Any CPU.ActiveCfg = Debug|Any CPU
		{86D676CB-D146-4D10-A2A1-942AED1764F6}.Debug|Any CPU.Build.0 = Debug|Any CPU
		{86D676CB-D146-4D10-A2A1-942AED1764F6}.Release|Any CPU.ActiveCfg = Release|Any CPU
		{86D676CB-D146-4D10-A2A1-942AED1764F6}.Release|Any CPU.Build.0 = Release|Any CPU
	EndGlobalSection
	GlobalSection(SolutionProperties) = preSolution
		HideSolutionNode = FALSE
	EndGlobalSection
	GlobalSection(ExtensibilityGlobals) = postSolution
		SolutionGuid = {F7925107-65D5-4A14-84E3-15EE87B7B400}
	EndGlobalSection
EndGlobal
